// !$*UTF8*$!
{
	archiveVersion = 1;
	classes = {
	};
	objectVersion = 56;
	objects = {

/* Begin PBXBuildFile section */
		8449EE732B4C9AC4001A7781 /* FruitsHomeworkApp.swift in Sources */ = {isa = PBXBuildFile; fileRef = 8449EE722B4C9AC4001A7781 /* FruitsHomeworkApp.swift */; };
		8449EE752B4C9AC4001A7781 /* ContentView.swift in Sources */ = {isa = PBXBuildFile; fileRef = 8449EE742B4C9AC4001A7781 /* ContentView.swift */; };
		8449EE772B4C9AC6001A7781 /* Assets.xcassets in Resources */ = {isa = PBXBuildFile; fileRef = 8449EE762B4C9AC6001A7781 /* Assets.xcassets */; };
		8449EE7A2B4C9AC6001A7781 /* Preview Assets.xcassets in Resources */ = {isa = PBXBuildFile; fileRef = 8449EE792B4C9AC6001A7781 /* Preview Assets.xcassets */; };
		8449EE812B4C9F4C001A7781 /* NetworkManager.swift in Sources */ = {isa = PBXBuildFile; fileRef = 8449EE802B4C9F4C001A7781 /* NetworkManager.swift */; };
		8449EE832B4CA927001A7781 /* FruitsResponse.swift in Sources */ = {isa = PBXBuildFile; fileRef = 8449EE822B4CA927001A7781 /* FruitsResponse.swift */; };
		8449EE872B4D7F01001A7781 /* FruitsViewModel.swift in Sources */ = {isa = PBXBuildFile; fileRef = 8449EE862B4D7F01001A7781 /* FruitsViewModel.swift */; };
		8449EE892B4ED5B2001A7781 /* StatisticsManager.swift in Sources */ = {isa = PBXBuildFile; fileRef = 8449EE882B4ED5B2001A7781 /* StatisticsManager.swift */; };
		8449EE8D2B4F0172001A7781 /* FruitDetailView.swift in Sources */ = {isa = PBXBuildFile; fileRef = 8449EE8C2B4F0172001A7781 /* FruitDetailView.swift */; };
		8449EE972B508519001A7781 /* FruitsHomeworkTests.swift in Sources */ = {isa = PBXBuildFile; fileRef = 8449EE962B508519001A7781 /* FruitsHomeworkTests.swift */; };
/* End PBXBuildFile section */

/* Begin PBXContainerItemProxy section */
		8449EE982B508519001A7781 /* PBXContainerItemProxy */ = {
			isa = PBXContainerItemProxy;
			containerPortal = 8449EE672B4C9AC4001A7781 /* Project object */;
			proxyType = 1;
			remoteGlobalIDString = 8449EE6E2B4C9AC4001A7781;
			remoteInfo = FruitsHomework;
		};
/* End PBXContainerItemProxy section */

/* Begin PBXFileReference section */
		8449EE6F2B4C9AC4001A7781 /* FruitsHomework.app */ = {isa = PBXFileReference; explicitFileType = wrapper.application; includeInIndex = 0; path = FruitsHomework.app; sourceTree = BUILT_PRODUCTS_DIR; };
		8449EE722B4C9AC4001A7781 /* FruitsHomeworkApp.swift */ = {isa = PBXFileReference; lastKnownFileType = sourcecode.swift; path = FruitsHomeworkApp.swift; sourceTree = "<group>"; };
		8449EE742B4C9AC4001A7781 /* ContentView.swift */ = {isa = PBXFileReference; lastKnownFileType = sourcecode.swift; path = ContentView.swift; sourceTree = "<group>"; };
		8449EE762B4C9AC6001A7781 /* Assets.xcassets */ = {isa = PBXFileReference; lastKnownFileType = folder.assetcatalog; path = Assets.xcassets; sourceTree = "<group>"; };
		8449EE792B4C9AC6001A7781 /* Preview Assets.xcassets */ = {isa = PBXFileReference; lastKnownFileType = folder.assetcatalog; path = "Preview Assets.xcassets"; sourceTree = "<group>"; };
		8449EE802B4C9F4C001A7781 /* NetworkManager.swift */ = {isa = PBXFileReference; lastKnownFileType = sourcecode.swift; path = NetworkManager.swift; sourceTree = "<group>"; };
		8449EE822B4CA927001A7781 /* FruitsResponse.swift */ = {isa = PBXFileReference; lastKnownFileType = sourcecode.swift; path = FruitsResponse.swift; sourceTree = "<group>"; };
		8449EE862B4D7F01001A7781 /* FruitsViewModel.swift */ = {isa = PBXFileReference; lastKnownFileType = sourcecode.swift; path = FruitsViewModel.swift; sourceTree = "<group>"; };
		8449EE882B4ED5B2001A7781 /* StatisticsManager.swift */ = {isa = PBXFileReference; lastKnownFileType = sourcecode.swift; path = StatisticsManager.swift; sourceTree = "<group>"; };
		8449EE8C2B4F0172001A7781 /* FruitDetailView.swift */ = {isa = PBXFileReference; lastKnownFileType = sourcecode.swift; path = FruitDetailView.swift; sourceTree = "<group>"; };
		8449EE942B508519001A7781 /* FruitsHomeworkTests.xctest */ = {isa = PBXFileReference; explicitFileType = wrapper.cfbundle; includeInIndex = 0; path = FruitsHomeworkTests.xctest; sourceTree = BUILT_PRODUCTS_DIR; };
		8449EE962B508519001A7781 /* FruitsHomeworkTests.swift */ = {isa = PBXFileReference; lastKnownFileType = sourcecode.swift; path = FruitsHomeworkTests.swift; sourceTree = "<group>"; };
/* End PBXFileReference section */

/* Begin PBXFrameworksBuildPhase section */
		8449EE6C2B4C9AC4001A7781 /* Frameworks */ = {
			isa = PBXFrameworksBuildPhase;
			buildActionMask = 2147483647;
			files = (
			);
			runOnlyForDeploymentPostprocessing = 0;
		};
		8449EE912B508519001A7781 /* Frameworks */ = {
			isa = PBXFrameworksBuildPhase;
			buildActionMask = 2147483647;
			files = (
			);
			runOnlyForDeploymentPostprocessing = 0;
		};
/* End PBXFrameworksBuildPhase section */

/* Begin PBXGroup section */
		8449EE662B4C9AC4001A7781 = {
			isa = PBXGroup;
			children = (
				8449EE712B4C9AC4001A7781 /* FruitsHomework */,
				8449EE952B508519001A7781 /* FruitsHomeworkTests */,
				8449EE702B4C9AC4001A7781 /* Products */,
			);
			sourceTree = "<group>";
		};
		8449EE702B4C9AC4001A7781 /* Products */ = {
			isa = PBXGroup;
			children = (
				8449EE6F2B4C9AC4001A7781 /* FruitsHomework.app */,
				8449EE942B508519001A7781 /* FruitsHomeworkTests.xctest */,
			);
			name = Products;
			sourceTree = "<group>";
		};
		8449EE712B4C9AC4001A7781 /* FruitsHomework */ = {
			isa = PBXGroup;
			children = (
				8449EE722B4C9AC4001A7781 /* FruitsHomeworkApp.swift */,
				8449EE742B4C9AC4001A7781 /* ContentView.swift */,
				8449EE8C2B4F0172001A7781 /* FruitDetailView.swift */,
				8449EE862B4D7F01001A7781 /* FruitsViewModel.swift */,
				8449EE882B4ED5B2001A7781 /* StatisticsManager.swift */,
				8449EE802B4C9F4C001A7781 /* NetworkManager.swift */,
				8449EE822B4CA927001A7781 /* FruitsResponse.swift */,
				8449EE762B4C9AC6001A7781 /* Assets.xcassets */,
				8449EE782B4C9AC6001A7781 /* Preview Content */,
			);
			path = FruitsHomework;
			sourceTree = "<group>";
		};
		8449EE782B4C9AC6001A7781 /* Preview Content */ = {
			isa = PBXGroup;
			children = (
				8449EE792B4C9AC6001A7781 /* Preview Assets.xcassets */,
			);
			path = "Preview Content";
			sourceTree = "<group>";
		};
		8449EE952B508519001A7781 /* FruitsHomeworkTests */ = {
			isa = PBXGroup;
			children = (
				8449EE962B508519001A7781 /* FruitsHomeworkTests.swift */,
			);
			path = FruitsHomeworkTests;
			sourceTree = "<group>";
		};
/* End PBXGroup section */

/* Begin PBXNativeTarget section */
		8449EE6E2B4C9AC4001A7781 /* FruitsHomework */ = {
			isa = PBXNativeTarget;
			buildConfigurationList = 8449EE7D2B4C9AC6001A7781 /* Build configuration list for PBXNativeTarget "FruitsHomework" */;
			buildPhases = (
				8449EE6B2B4C9AC4001A7781 /* Sources */,
				8449EE6C2B4C9AC4001A7781 /* Frameworks */,
				8449EE6D2B4C9AC4001A7781 /* Resources */,
			);
			buildRules = (
			);
			dependencies = (
			);
			name = FruitsHomework;
			productName = FruitsHomework;
			productReference = 8449EE6F2B4C9AC4001A7781 /* FruitsHomework.app */;
			productType = "com.apple.product-type.application";
		};
		8449EE932B508519001A7781 /* FruitsHomeworkTests */ = {
			isa = PBXNativeTarget;
			buildConfigurationList = 8449EE9A2B50851A001A7781 /* Build configuration list for PBXNativeTarget "FruitsHomeworkTests" */;
			buildPhases = (
				8449EE902B508519001A7781 /* Sources */,
				8449EE912B508519001A7781 /* Frameworks */,
				8449EE922B508519001A7781 /* Resources */,
			);
			buildRules = (
			);
			dependencies = (
				8449EE992B508519001A7781 /* PBXTargetDependency */,
			);
			name = FruitsHomeworkTests;
			productName = FruitsHomeworkTests;
			productReference = 8449EE942B508519001A7781 /* FruitsHomeworkTests.xctest */;
			productType = "com.apple.product-type.bundle.unit-test";
		};
/* End PBXNativeTarget section */

/* Begin PBXProject section */
		8449EE672B4C9AC4001A7781 /* Project object */ = {
			isa = PBXProject;
			attributes = {
				BuildIndependentTargetsInParallel = 1;
				LastSwiftUpdateCheck = 1430;
				LastUpgradeCheck = 1430;
				TargetAttributes = {
					8449EE6E2B4C9AC4001A7781 = {
						CreatedOnToolsVersion = 14.3.1;
					};
					8449EE932B508519001A7781 = {
						CreatedOnToolsVersion = 14.3.1;
						TestTargetID = 8449EE6E2B4C9AC4001A7781;
					};
				};
			};
			buildConfigurationList = 8449EE6A2B4C9AC4001A7781 /* Build configuration list for PBXProject "FruitsHomework" */;
			compatibilityVersion = "Xcode 14.0";
			developmentRegion = en;
			hasScannedForEncodings = 0;
			knownRegions = (
				en,
				Base,
			);
			mainGroup = 8449EE662B4C9AC4001A7781;
			productRefGroup = 8449EE702B4C9AC4001A7781 /* Products */;
			projectDirPath = "";
			projectRoot = "";
			targets = (
				8449EE6E2B4C9AC4001A7781 /* FruitsHomework */,
				8449EE932B508519001A7781 /* FruitsHomeworkTests */,
			);
		};
/* End PBXProject section */

/* Begin PBXResourcesBuildPhase section */
		8449EE6D2B4C9AC4001A7781 /* Resources */ = {
			isa = PBXResourcesBuildPhase;
			buildActionMask = 2147483647;
			files = (
				8449EE7A2B4C9AC6001A7781 /* Preview Assets.xcassets in Resources */,
				8449EE772B4C9AC6001A7781 /* Assets.xcassets in Resources */,
			);
			runOnlyForDeploymentPostprocessing = 0;
		};
		8449EE922B508519001A7781 /* Resources */ = {
			isa = PBXResourcesBuildPhase;
			buildActionMask = 2147483647;
			files = (
			);
			runOnlyForDeploymentPostprocessing = 0;
		};
/* End PBXResourcesBuildPhase section */

/* Begin PBXSourcesBuildPhase section */
		8449EE6B2B4C9AC4001A7781 /* Sources */ = {
			isa = PBXSourcesBuildPhase;
			buildActionMask = 2147483647;
			files = (
				8449EE812B4C9F4C001A7781 /* NetworkManager.swift in Sources */,
				8449EE872B4D7F01001A7781 /* FruitsViewModel.swift in Sources */,
				8449EE752B4C9AC4001A7781 /* ContentView.swift in Sources */,
				8449EE732B4C9AC4001A7781 /* FruitsHomeworkApp.swift in Sources */,
				8449EE892B4ED5B2001A7781 /* StatisticsManager.swift in Sources */,
				8449EE832B4CA927001A7781 /* FruitsResponse.swift in Sources */,
				8449EE8D2B4F0172001A7781 /* FruitDetailView.swift in Sources */,
			);
			runOnlyForDeploymentPostprocessing = 0;
		};
		8449EE902B508519001A7781 /* Sources */ = {
			isa = PBXSourcesBuildPhase;
			buildActionMask = 2147483647;
			files = (
				8449EE972B508519001A7781 /* FruitsHomeworkTests.swift in Sources */,
			);
			runOnlyForDeploymentPostprocessing = 0;
		};
/* End PBXSourcesBuildPhase section */

/* Begin PBXTargetDependency section */
		8449EE992B508519001A7781 /* PBXTargetDependency */ = {
			isa = PBXTargetDependency;
			target = 8449EE6E2B4C9AC4001A7781 /* FruitsHomework */;
			targetProxy = 8449EE982B508519001A7781 /* PBXContainerItemProxy */;
		};
/* End PBXTargetDependency section */

/* Begin XCBuildConfiguration section */
		8449EE7B2B4C9AC6001A7781 /* Debug */ = {
			isa = XCBuildConfiguration;
			buildSettings = {
				ALWAYS_SEARCH_USER_PATHS = NO;
				CLANG_ANALYZER_NONNULL = YES;
				CLANG_ANALYZER_NUMBER_OBJECT_CONVERSION = YES_AGGRESSIVE;
				CLANG_CXX_LANGUAGE_STANDARD = "gnu++20";
				CLANG_ENABLE_MODULES = YES;
				CLANG_ENABLE_OBJC_ARC = YES;
				CLANG_ENABLE_OBJC_WEAK = YES;
				CLANG_WARN_BLOCK_CAPTURE_AUTORELEASING = YES;
				CLANG_WARN_BOOL_CONVERSION = YES;
				CLANG_WARN_COMMA = YES;
				CLANG_WARN_CONSTANT_CONVERSION = YES;
				CLANG_WARN_DEPRECATED_OBJC_IMPLEMENTATIONS = YES;
				CLANG_WARN_DIRECT_OBJC_ISA_USAGE = YES_ERROR;
				CLANG_WARN_DOCUMENTATION_COMMENTS = YES;
				CLANG_WARN_EMPTY_BODY = YES;
				CLANG_WARN_ENUM_CONVERSION = YES;
				CLANG_WARN_INFINITE_RECURSION = YES;
				CLANG_WARN_INT_CONVERSION = YES;
				CLANG_WARN_NON_LITERAL_NULL_CONVERSION = YES;
				CLANG_WARN_OBJC_IMPLICIT_RETAIN_SELF = YES;
				CLANG_WARN_OBJC_LITERAL_CONVERSION = YES;
				CLANG_WARN_OBJC_ROOT_CLASS = YES_ERROR;
				CLANG_WARN_QUOTED_INCLUDE_IN_FRAMEWORK_HEADER = YES;
				CLANG_WARN_RANGE_LOOP_ANALYSIS = YES;
				CLANG_WARN_STRICT_PROTOTYPES = YES;
				CLANG_WARN_SUSPICIOUS_MOVE = YES;
				CLANG_WARN_UNGUARDED_AVAILABILITY = YES_AGGRESSIVE;
				CLANG_WARN_UNREACHABLE_CODE = YES;
				CLANG_WARN__DUPLICATE_METHOD_MATCH = YES;
				COPY_PHASE_STRIP = NO;
				DEBUG_INFORMATION_FORMAT = dwarf;
				ENABLE_STRICT_OBJC_MSGSEND = YES;
				ENABLE_TESTABILITY = YES;
				GCC_C_LANGUAGE_STANDARD = gnu11;
				GCC_DYNAMIC_NO_PIC = NO;
				GCC_NO_COMMON_BLOCKS = YES;
				GCC_OPTIMIZATION_LEVEL = 0;
				GCC_PREPROCESSOR_DEFINITIONS = (
					"DEBUG=1",
					"$(inherited)",
				);
				GCC_WARN_64_TO_32_BIT_CONVERSION = YES;
				GCC_WARN_ABOUT_RETURN_TYPE = YES_ERROR;
				GCC_WARN_UNDECLARED_SELECTOR = YES;
				GCC_WARN_UNINITIALIZED_AUTOS = YES_AGGRESSIVE;
				GCC_WARN_UNUSED_FUNCTION = YES;
				GCC_WARN_UNUSED_VARIABLE = YES;
				IPHONEOS_DEPLOYMENT_TARGET = 16.4;
				MTL_ENABLE_DEBUG_INFO = INCLUDE_SOURCE;
				MTL_FAST_MATH = YES;
				ONLY_ACTIVE_ARCH = YES;
				SDKROOT = iphoneos;
				SWIFT_ACTIVE_COMPILATION_CONDITIONS = DEBUG;
				SWIFT_OPTIMIZATION_LEVEL = "-Onone";
			};
			name = Debug;
		};
		8449EE7C2B4C9AC6001A7781 /* Release */ = {
			isa = XCBuildConfiguration;
			buildSettings = {
				ALWAYS_SEARCH_USER_PATHS = NO;
				CLANG_ANALYZER_NONNULL = YES;
				CLANG_ANALYZER_NUMBER_OBJECT_CONVERSION = YES_AGGRESSIVE;
				CLANG_CXX_LANGUAGE_STANDARD = "gnu++20";
				CLANG_ENABLE_MODULES = YES;
				CLANG_ENABLE_OBJC_ARC = YES;
				CLANG_ENABLE_OBJC_WEAK = YES;
				CLANG_WARN_BLOCK_CAPTURE_AUTORELEASING = YES;
				CLANG_WARN_BOOL_CONVERSION = YES;
				CLANG_WARN_COMMA = YES;
				CLANG_WARN_CONSTANT_CONVERSION = YES;
				CLANG_WARN_DEPRECATED_OBJC_IMPLEMENTATIONS = YES;
				CLANG_WARN_DIRECT_OBJC_ISA_USAGE = YES_ERROR;
				CLANG_WARN_DOCUMENTATION_COMMENTS = YES;
				CLANG_WARN_EMPTY_BODY = YES;
				CLANG_WARN_ENUM_CONVERSION = YES;
				CLANG_WARN_INFINITE_RECURSION = YES;
				CLANG_WARN_INT_CONVERSION = YES;
				CLANG_WARN_NON_LITERAL_NULL_CONVERSION = YES;
				CLANG_WARN_OBJC_IMPLICIT_RETAIN_SELF = YES;
				CLANG_WARN_OBJC_LITERAL_CONVERSION = YES;
				CLANG_WARN_OBJC_ROOT_CLASS = YES_ERROR;
				CLANG_WARN_QUOTED_INCLUDE_IN_FRAMEWORK_HEADER = YES;
				CLANG_WARN_RANGE_LOOP_ANALYSIS = YES;
				CLANG_WARN_STRICT_PROTOTYPES = YES;
				CLANG_WARN_SUSPICIOUS_MOVE = YES;
				CLANG_WARN_UNGUARDED_AVAILABILITY = YES_AGGRESSIVE;
				CLANG_WARN_UNREACHABLE_CODE = YES;
				CLANG_WARN__DUPLICATE_METHOD_MATCH = YES;
				COPY_PHASE_STRIP = NO;
				DEBUG_INFORMATION_FORMAT = "dwarf-with-dsym";
				ENABLE_NS_ASSERTIONS = NO;
				ENABLE_STRICT_OBJC_MSGSEND = YES;
				GCC_C_LANGUAGE_STANDARD = gnu11;
				GCC_NO_COMMON_BLOCKS = YES;
				GCC_WARN_64_TO_32_BIT_CONVERSION = YES;
				GCC_WARN_ABOUT_RETURN_TYPE = YES_ERROR;
				GCC_WARN_UNDECLARED_SELECTOR = YES;
				GCC_WARN_UNINITIALIZED_AUTOS = YES_AGGRESSIVE;
				GCC_WARN_UNUSED_FUNCTION = YES;
				GCC_WARN_UNUSED_VARIABLE = YES;
				IPHONEOS_DEPLOYMENT_TARGET = 16.4;
				MTL_ENABLE_DEBUG_INFO = NO;
				MTL_FAST_MATH = YES;
				SDKROOT = iphoneos;
				SWIFT_COMPILATION_MODE = wholemodule;
				SWIFT_OPTIMIZATION_LEVEL = "-O";
				VALIDATE_PRODUCT = YES;
			};
			name = Release;
		};
		8449EE7E2B4C9AC6001A7781 /* Debug */ = {
			isa = XCBuildConfiguration;
			buildSettings = {
				ASSETCATALOG_COMPILER_APPICON_NAME = AppIcon;
				ASSETCATALOG_COMPILER_GLOBAL_ACCENT_COLOR_NAME = AccentColor;
				CODE_SIGN_STYLE = Automatic;
				CURRENT_PROJECT_VERSION = 1;
				DEVELOPMENT_ASSET_PATHS = "\"FruitsHomework/Preview Content\"";
				DEVELOPMENT_TEAM = R7U57FJ9PH;
				ENABLE_PREVIEWS = YES;
				GENERATE_INFOPLIST_FILE = YES;
				INFOPLIST_KEY_UIApplicationSceneManifest_Generation = YES;
				INFOPLIST_KEY_UIApplicationSupportsIndirectInputEvents = YES;
				INFOPLIST_KEY_UILaunchScreen_Generation = YES;
				INFOPLIST_KEY_UISupportedInterfaceOrientations_iPad = "UIInterfaceOrientationPortrait UIInterfaceOrientationPortraitUpsideDown UIInterfaceOrientationLandscapeLeft UIInterfaceOrientationLandscapeRight";
				INFOPLIST_KEY_UISupportedInterfaceOrientations_iPhone = "UIInterfaceOrientationPortrait UIInterfaceOrientationLandscapeLeft UIInterfaceOrientationLandscapeRight";
				LD_RUNPATH_SEARCH_PATHS = (
					"$(inherited)",
					"@executable_path/Frameworks",
				);
				MARKETING_VERSION = 1.0;
				PRODUCT_BUNDLE_IDENTIFIER = matvii.FruitsHomework;
				PRODUCT_NAME = "$(TARGET_NAME)";
				SWIFT_EMIT_LOC_STRINGS = YES;
				SWIFT_VERSION = 5.0;
				TARGETED_DEVICE_FAMILY = "1,2";
			};
			name = Debug;
		};
		8449EE7F2B4C9AC6001A7781 /* Release */ = {
			isa = XCBuildConfiguration;
			buildSettings = {
				ASSETCATALOG_COMPILER_APPICON_NAME = AppIcon;
				ASSETCATALOG_COMPILER_GLOBAL_ACCENT_COLOR_NAME = AccentColor;
				CODE_SIGN_STYLE = Automatic;
				CURRENT_PROJECT_VERSION = 1;
				DEVELOPMENT_ASSET_PATHS = "\"FruitsHomework/Preview Content\"";
				DEVELOPMENT_TEAM = R7U57FJ9PH;
				ENABLE_PREVIEWS = YES;
				GENERATE_INFOPLIST_FILE = YES;
				INFOPLIST_KEY_UIApplicationSceneManifest_Generation = YES;
				INFOPLIST_KEY_UIApplicationSupportsIndirectInputEvents = YES;
				INFOPLIST_KEY_UILaunchScreen_Generation = YES;
				INFOPLIST_KEY_UISupportedInterfaceOrientations_iPad = "UIInterfaceOrientationPortrait UIInterfaceOrientationPortraitUpsideDown UIInterfaceOrientationLandscapeLeft UIInterfaceOrientationLandscapeRight";
				INFOPLIST_KEY_UISupportedInterfaceOrientations_iPhone = "UIInterfaceOrientationPortrait UIInterfaceOrientationLandscapeLeft UIInterfaceOrientationLandscapeRight";
				LD_RUNPATH_SEARCH_PATHS = (
					"$(inherited)",
					"@executable_path/Frameworks",
				);
				MARKETING_VERSION = 1.0;
				PRODUCT_BUNDLE_IDENTIFIER = matvii.FruitsHomework;
				PRODUCT_NAME = "$(TARGET_NAME)";
				SWIFT_EMIT_LOC_STRINGS = YES;
				SWIFT_VERSION = 5.0;
				TARGETED_DEVICE_FAMILY = "1,2";
			};
			name = Release;
		};
		8449EE9B2B50851A001A7781 /* Debug */ = {
			isa = XCBuildConfiguration;
			buildSettings = {
				BUNDLE_LOADER = "$(TEST_HOST)";
				CODE_SIGN_STYLE = Automatic;
				CURRENT_PROJECT_VERSION = 1;
				DEVELOPMENT_TEAM = R7U57FJ9PH;
				GENERATE_INFOPLIST_FILE = YES;
				MARKETING_VERSION = 1.0;
				PRODUCT_BUNDLE_IDENTIFIER = matvii.FruitsHomeworkTests;
				PRODUCT_NAME = "$(TARGET_NAME)";
				SWIFT_EMIT_LOC_STRINGS = NO;
				SWIFT_VERSION = 5.0;
				TARGETED_DEVICE_FAMILY = "1,2";
				TEST_HOST = "$(BUILT_PRODUCTS_DIR)/FruitsHomework.app/$(BUNDLE_EXECUTABLE_FOLDER_PATH)/FruitsHomework";
			};
			name = Debug;
		};
		8449EE9C2B50851A001A7781 /* Release */ = {
			isa = XCBuildConfiguration;
			buildSettings = {
				BUNDLE_LOADER = "$(TEST_HOST)";
				CODE_SIGN_STYLE = Automatic;
				CURRENT_PROJECT_VERSION = 1;
				DEVELOPMENT_TEAM = R7U57FJ9PH;
				GENERATE_INFOPLIST_FILE = YES;
				MARKETING_VERSION = 1.0;
				PRODUCT_BUNDLE_IDENTIFIER = matvii.FruitsHomeworkTests;
				PRODUCT_NAME = "$(TARGET_NAME)";
				SWIFT_EMIT_LOC_STRINGS = NO;
				SWIFT_VERSION = 5.0;
				TARGETED_DEVICE_FAMILY = "1,2";
				TEST_HOST = "$(BUILT_PRODUCTS_DIR)/FruitsHomework.app/$(BUNDLE_EXECUTABLE_FOLDER_PATH)/FruitsHomework";
			};
			name = Release;
		};
/* End XCBuildConfiguration section */

/* Begin XCConfigurationList section */
		8449EE6A2B4C9AC4001A7781 /* Build configuration list for PBXProject "FruitsHomework" */ = {
			isa = XCConfigurationList;
			buildConfigurations = (
				8449EE7B2B4C9AC6001A7781 /* Debug */,
				8449EE7C2B4C9AC6001A7781 /* Release */,
			);
			defaultConfigurationIsVisible = 0;
			defaultConfigurationName = Release;
		};
		8449EE7D2B4C9AC6001A7781 /* Build configuration list for PBXNativeTarget "FruitsHomework" */ = {
			isa = XCConfigurationList;
			buildConfigurations = (
				8449EE7E2B4C9AC6001A7781 /* Debug */,
				8449EE7F2B4C9AC6001A7781 /* Release */,
			);
			defaultConfigurationIsVisible = 0;
			defaultConfigurationName = Release;
		};
		8449EE9A2B50851A001A7781 /* Build configuration list for PBXNativeTarget "FruitsHomeworkTests" */ = {
			isa = XCConfigurationList;
			buildConfigurations = (
				8449EE9B2B50851A001A7781 /* Debug */,
				8449EE9C2B50851A001A7781 /* Release */,
			);
			defaultConfigurationIsVisible = 0;
			defaultConfigurationName = Release;
		};
/* End XCConfigurationList section */
	};
	rootObject = 8449EE672B4C9AC4001A7781 /* Project object */;
}
